
Microsoft Visual Studio Solution File, Format Version 12.00
# Visual Studio Version 17
VisualStudioVersion = 17.8.34330.188
MinimumVisualStudioVersion = 10.0.40219.1
Project("{FAE04EC0-301F-11D3-BF4B-00C04F79EFBC}") = "ToDoAppAPI", "ToDoAppAPI\ToDoAppAPI.csproj", "{C459F62D-BD4A-4254-966A-B6D2DA31405B}"
EndProject
Global
	GlobalSection(SolutionConfigurationPlatforms) = preSolution
		Debug|Any CPU = Debug|Any CPU
		Release|Any CPU = Release|Any CPU
	EndGlobalSection
	GlobalSection(ProjectConfigurationPlatforms) = postSolution
		{C459F62D-BD4A-4254-966A-B6D2DA31405B}.Debug|Any CPU.ActiveCfg = Debug|Any CPU
		{C459F62D-BD4A-4254-966A-B6D2DA31405B}.Debug|Any CPU.Build.0 = Debug|Any CPU
		{C459F62D-BD4A-4254-966A-B6D2DA31405B}.Release|Any CPU.ActiveCfg = Release|Any CPU
		{C459F62D-BD4A-4254-966A-B6D2DA31405B}.Release|Any CPU.Build.0 = Release|Any CPU
	EndGlobalSection
	GlobalSection(SolutionProperties) = preSolution
		HideSolutionNode = FALSE
	EndGlobalSection
	GlobalSection(ExtensibilityGlobals) = postSolution
		SolutionGuid = {013B341F-DABC-4BD0-912E-9BBEE5DA82A7}
	EndGlobalSection
EndGlobal
